PODS:
  - ItsMeCH (0.1.0)
  - Nimble (10.0.0)
  - Quick (2.2.1)

DEPENDENCIES:
  - ItsMeCH (from `../`)
  - Nimble (~> 10.0.0)
  - Quick (~> 2.2.0)

SPEC REPOS:
  trunk:
    - Nimble
    - Quick

EXTERNAL SOURCES:
  ItsMeCH:
    :path: "../"

SPEC CHECKSUMS:
  ItsMeCH: c1650f998f4616bb52901798f0c32239cf676b73
  Nimble: 5316ef81a170ce87baf72dd961f22f89a602ff84
  Quick: f5754d69b7013f5864c29aab9ae6f0c79c5bc200

PODFILE CHECKSUM: 399d077cde9972e3d30c147100c0cb30bb077d55

COCOAPODS: 1.13.0
